
Microsoft Visual Studio Solution File, Format Version 12.00
# Visual Studio Version 17
VisualStudioVersion = 17.13.35919.96
MinimumVisualStudioVersion = 10.0.40219.1
Project("{FAE04EC0-301F-11D3-BF4B-00C04F79EFBC}") = "Service1", "Service1\Service1.csproj", "{84A27793-3F9D-4CFE-B488-96EAD3692C14}"
EndProject
Project("{FAE04EC0-301F-11D3-BF4B-00C04F79EFBC}") = "Service2", "Service2\Service2.csproj", "{BA82E598-DA92-4D37-AEB2-AE07AF00A4AB}"
EndProject
Project("{FAE04EC0-301F-11D3-BF4B-00C04F79EFBC}") = "GRPCModel", "GRPCModel\GRPCModel.csproj", "{19038C4A-4EE3-4C6E-8F6C-D25640395E0A}"
EndProject
Project("{FAE04EC0-301F-11D3-BF4B-00C04F79EFBC}") = "DemoService", "DemoService\DemoService.csproj", "{BC73BB0D-BFDA-4934-87DD-148EAC39E25A}"
EndProject
Global
	GlobalSection(SolutionConfigurationPlatforms) = preSolution
		Debug|Any CPU = Debug|Any CPU
		Release|Any CPU = Release|Any CPU
	EndGlobalSection
	GlobalSection(ProjectConfigurationPlatforms) = postSolution
		{84A27793-3F9D-4CFE-B488-96EAD3692C14}.Debug|Any CPU.ActiveCfg = Debug|Any CPU
		{84A27793-3F9D-4CFE-B488-96EAD3692C14}.Debug|Any CPU.Build.0 = Debug|Any CPU
		{84A27793-3F9D-4CFE-B488-96EAD3692C14}.Release|Any CPU.ActiveCfg = Release|Any CPU
		{84A27793-3F9D-4CFE-B488-96EAD3692C14}.Release|Any CPU.Build.0 = Release|Any CPU
		{BA82E598-DA92-4D37-AEB2-AE07AF00A4AB}.Debug|Any CPU.ActiveCfg = Debug|Any CPU
		{BA82E598-DA92-4D37-AEB2-AE07AF00A4AB}.Debug|Any CPU.Build.0 = Debug|Any CPU
		{BA82E598-DA92-4D37-AEB2-AE07AF00A4AB}.Release|Any CPU.ActiveCfg = Release|Any CPU
		{BA82E598-DA92-4D37-AEB2-AE07AF00A4AB}.Release|Any CPU.Build.0 = Release|Any CPU
		{19038C4A-4EE3-4C6E-8F6C-D25640395E0A}.Debug|Any CPU.ActiveCfg = Debug|Any CPU
		{19038C4A-4EE3-4C6E-8F6C-D25640395E0A}.Debug|Any CPU.Build.0 = Debug|Any CPU
		{19038C4A-4EE3-4C6E-8F6C-D25640395E0A}.Release|Any CPU.ActiveCfg = Release|Any CPU
		{19038C4A-4EE3-4C6E-8F6C-D25640395E0A}.Release|Any CPU.Build.0 = Release|Any CPU
		{BC73BB0D-BFDA-4934-87DD-148EAC39E25A}.Debug|Any CPU.ActiveCfg = Debug|Any CPU
		{BC73BB0D-BFDA-4934-87DD-148EAC39E25A}.Debug|Any CPU.Build.0 = Debug|Any CPU
		{BC73BB0D-BFDA-4934-87DD-148EAC39E25A}.Release|Any CPU.ActiveCfg = Release|Any CPU
		{BC73BB0D-BFDA-4934-87DD-148EAC39E25A}.Release|Any CPU.Build.0 = Release|Any CPU
	EndGlobalSection
	GlobalSection(SolutionProperties) = preSolution
		HideSolutionNode = FALSE
	EndGlobalSection
	GlobalSection(ExtensibilityGlobals) = postSolution
		SolutionGuid = {AF333A98-0DBC-437A-A375-5C9EBF236708}
	EndGlobalSection
EndGlobal
